// !$*UTF8*$!
{
	archiveVersion = 1;
	classes = {
	};
	objectVersion = 46;
	objects = {

/* Begin PBXBuildFile section */
		656283DB1C2A929200E1D3B8 /* AppDelegate.swift in Sources */ = {isa = PBXBuildFile; fileRef = 656283DA1C2A929200E1D3B8 /* AppDelegate.swift */; };
		656283DD1C2A929200E1D3B8 /* ViewController.swift in Sources */ = {isa = PBXBuildFile; fileRef = 656283DC1C2A929200E1D3B8 /* ViewController.swift */; };
		656283E01C2A929200E1D3B8 /* Main.storyboard in Resources */ = {isa = PBXBuildFile; fileRef = 656283DE1C2A929200E1D3B8 /* Main.storyboard */; };
		656283E21C2A929300E1D3B8 /* Assets.xcassets in Resources */ = {isa = PBXBuildFile; fileRef = 656283E11C2A929300E1D3B8 /* Assets.xcassets */; };
		656283E51C2A929300E1D3B8 /* LaunchScreen.storyboard in Resources */ = {isa = PBXBuildFile; fileRef = 656283E31C2A929300E1D3B8 /* LaunchScreen.storyboard */; };
		656283ED1C2A941A00E1D3B8 /* sako.png in Resources */ = {isa = PBXBuildFile; fileRef = 656283EC1C2A941A00E1D3B8 /* sako.png */; };
		656283EF1C2AA1F200E1D3B8 /* einstein.jpeg in Resources */ = {isa = PBXBuildFile; fileRef = 656283EE1C2AA1F200E1D3B8 /* einstein.jpeg */; };
		656283F11C2AA26800E1D3B8 /* formula.png in Resources */ = {isa = PBXBuildFile; fileRef = 656283F01C2AA26800E1D3B8 /* formula.png */; };
		65F1094E1C2AE86C00C495F4 /* Default-568h@2x.png in Resources */ = {isa = PBXBuildFile; fileRef = 65F1094D1C2AE86C00C495F4 /* Default-568h@2x.png */; };
/* End PBXBuildFile section */

/* Begin PBXFileReference section */
		656283D71C2A929200E1D3B8 /* Energy value.temp_caseinsensitive_rename.app */ = {isa = PBXFileReference; explicitFileType = wrapper.application; includeInIndex = 0; path = "Energy value.temp_caseinsensitive_rename.app"; sourceTree = BUILT_PRODUCTS_DIR; };
		656283DA1C2A929200E1D3B8 /* AppDelegate.swift */ = {isa = PBXFileReference; lastKnownFileType = sourcecode.swift; path = AppDelegate.swift; sourceTree = "<group>"; };
		656283DC1C2A929200E1D3B8 /* ViewController.swift */ = {isa = PBXFileReference; lastKnownFileType = sourcecode.swift; path = ViewController.swift; sourceTree = "<group>"; };
		656283DF1C2A929200E1D3B8 /* Base */ = {isa = PBXFileReference; lastKnownFileType = file.storyboard; name = Base; path = Base.lproj/Main.storyboard; sourceTree = "<group>"; };
		656283E11C2A929300E1D3B8 /* Assets.xcassets */ = {isa = PBXFileReference; lastKnownFileType = folder.assetcatalog; path = Assets.xcassets; sourceTree = "<group>"; };
		656283E41C2A929300E1D3B8 /* Base */ = {isa = PBXFileReference; lastKnownFileType = file.storyboard; name = Base; path = Base.lproj/LaunchScreen.storyboard; sourceTree = "<group>"; };
		656283E61C2A929300E1D3B8 /* Info.plist */ = {isa = PBXFileReference; lastKnownFileType = text.plist.xml; path = Info.plist; sourceTree = "<group>"; };
		656283EC1C2A941A00E1D3B8 /* sako.png */ = {isa = PBXFileReference; lastKnownFileType = image.png; path = sako.png; sourceTree = "<group>"; };
		656283EE1C2AA1F200E1D3B8 /* einstein.jpeg */ = {isa = PBXFileReference; lastKnownFileType = image.jpeg; path = einstein.jpeg; sourceTree = "<group>"; };
		656283F01C2AA26800E1D3B8 /* formula.png */ = {isa = PBXFileReference; lastKnownFileType = image.png; path = formula.png; sourceTree = "<group>"; };
		65F1094D1C2AE86C00C495F4 /* Default-568h@2x.png */ = {isa = PBXFileReference; lastKnownFileType = image.png; path = "Default-568h@2x.png"; sourceTree = "<group>"; };
/* End PBXFileReference section */

/* Begin PBXFrameworksBuildPhase section */
		656283D41C2A929200E1D3B8 /* Frameworks */ = {
			isa = PBXFrameworksBuildPhase;
			buildActionMask = 2147483647;
			files = (
			);
			runOnlyForDeploymentPostprocessing = 0;
		};
/* End PBXFrameworksBuildPhase section */

/* Begin PBXGroup section */
		656283CE1C2A929200E1D3B8 = {
			isa = PBXGroup;
			children = (
				65F1094D1C2AE86C00C495F4 /* Default-568h@2x.png */,
				656283D91C2A929200E1D3B8 /* Energy Value */,
				656283D81C2A929200E1D3B8 /* Products */,
			);
			sourceTree = "<group>";
		};
		656283D81C2A929200E1D3B8 /* Products */ = {
			isa = PBXGroup;
			children = (
				656283D71C2A929200E1D3B8 /* Energy value.temp_caseinsensitive_rename.app */,
			);
			name = Products;
			sourceTree = "<group>";
		};
		656283D91C2A929200E1D3B8 /* Energy Value */ = {
			isa = PBXGroup;
			children = (
				656283DA1C2A929200E1D3B8 /* AppDelegate.swift */,
				656283DC1C2A929200E1D3B8 /* ViewController.swift */,
				656283DE1C2A929200E1D3B8 /* Main.storyboard */,
				656283F01C2AA26800E1D3B8 /* formula.png */,
				656283EE1C2AA1F200E1D3B8 /* einstein.jpeg */,
				656283EC1C2A941A00E1D3B8 /* sako.png */,
				656283E11C2A929300E1D3B8 /* Assets.xcassets */,
				656283E31C2A929300E1D3B8 /* LaunchScreen.storyboard */,
				656283E61C2A929300E1D3B8 /* Info.plist */,
			);
			name = "Energy Value";
			path = "Energy value";
			sourceTree = "<group>";
		};
/* End PBXGroup section */

/* Begin PBXNativeTarget section */
		656283D61C2A929200E1D3B8 /* Energy value */ = {
			isa = PBXNativeTarget;
			buildConfigurationList = 656283E91C2A929300E1D3B8 /* Build configuration list for PBXNativeTarget "Energy value" */;
			buildPhases = (
				656283D31C2A929200E1D3B8 /* Sources */,
				656283D41C2A929200E1D3B8 /* Frameworks */,
				656283D51C2A929200E1D3B8 /* Resources */,
			);
			buildRules = (
			);
			dependencies = (
			);
			name = "Energy value";
			productName = "Decimal Change";
			productReference = 656283D71C2A929200E1D3B8 /* Energy value.temp_caseinsensitive_rename.app */;
			productType = "com.apple.product-type.application";
		};
/* End PBXNativeTarget section */

/* Begin PBXProject section */
		656283CF1C2A929200E1D3B8 /* Project object */ = {
			isa = PBXProject;
			attributes = {
				LastSwiftUpdateCheck = 0710;
				LastUpgradeCheck = 0710;
				ORGANIZATIONNAME = "迫 佑樹";
				TargetAttributes = {
					656283D61C2A929200E1D3B8 = {
						CreatedOnToolsVersion = 7.1.1;
						DevelopmentTeam = 5M8P7CU8H5;
					};
				};
			};
			buildConfigurationList = 656283D21C2A929200E1D3B8 /* Build configuration list for PBXProject "Energy value" */;
			compatibilityVersion = "Xcode 3.2";
			developmentRegion = English;
			hasScannedForEncodings = 0;
			knownRegions = (
				en,
				Base,
			);
			mainGroup = 656283CE1C2A929200E1D3B8;
			productRefGroup = 656283D81C2A929200E1D3B8 /* Products */;
			projectDirPath = "";
			projectRoot = "";
			targets = (
				656283D61C2A929200E1D3B8 /* Energy value */,
			);
		};
/* End PBXProject section */

/* Begin PBXResourcesBuildPhase section */
		656283D51C2A929200E1D3B8 /* Resources */ = {
			isa = PBXResourcesBuildPhase;
			buildActionMask = 2147483647;
			files = (
				656283F11C2AA26800E1D3B8 /* formula.png in Resources */,
				656283E51C2A929300E1D3B8 /* LaunchScreen.storyboard in Resources */,
				656283ED1C2A941A00E1D3B8 /* sako.png in Resources */,
				656283E21C2A929300E1D3B8 /* Assets.xcassets in Resources */,
				656283E01C2A929200E1D3B8 /* Main.storyboard in Resources */,
				65F1094E1C2AE86C00C495F4 /* Default-568h@2x.png in Resources */,
				656283EF1C2AA1F200E1D3B8 /* einstein.jpeg in Resources */,
			);
			runOnlyForDeploymentPostprocessing = 0;
		};
/* End PBXResourcesBuildPhase section */

/* Begin PBXSourcesBuildPhase section */
		656283D31C2A929200E1D3B8 /* Sources */ = {
			isa = PBXSourcesBuildPhase;
			buildActionMask = 2147483647;
			files = (
				656283DD1C2A929200E1D3B8 /* ViewController.swift in Sources */,
				656283DB1C2A929200E1D3B8 /* AppDelegate.swift in Sources */,
			);
			runOnlyForDeploymentPostprocessing = 0;
		};
/* End PBXSourcesBuildPhase section */

/* Begin PBXVariantGroup section */
		656283DE1C2A929200E1D3B8 /* Main.storyboard */ = {
			isa = PBXVariantGroup;
			children = (
				656283DF1C2A929200E1D3B8 /* Base */,
			);
			name = Main.storyboard;
			sourceTree = "<group>";
		};
		656283E31C2A929300E1D3B8 /* LaunchScreen.storyboard */ = {
			isa = PBXVariantGroup;
			children = (
				656283E41C2A929300E1D3B8 /* Base */,
			);
			name = LaunchScreen.storyboard;
			sourceTree = "<group>";
		};
/* End PBXVariantGroup section */

/* Begin XCBuildConfiguration section */
		656283E71C2A929300E1D3B8 /* Debug */ = {
			isa = XCBuildConfiguration;
			buildSettings = {
				ALWAYS_SEARCH_USER_PATHS = NO;
				CLANG_CXX_LANGUAGE_STANDARD = "gnu++0x";
				CLANG_CXX_LIBRARY = "libc++";
				CLANG_ENABLE_MODULES = YES;
				CLANG_ENABLE_OBJC_ARC = YES;
				CLANG_WARN_BOOL_CONVERSION = YES;
				CLANG_WARN_CONSTANT_CONVERSION = YES;
				CLANG_WARN_DIRECT_OBJC_ISA_USAGE = YES_ERROR;
				CLANG_WARN_EMPTY_BODY = YES;
				CLANG_WARN_ENUM_CONVERSION = YES;
				CLANG_WARN_INT_CONVERSION = YES;
				CLANG_WARN_OBJC_ROOT_CLASS = YES_ERROR;
				CLANG_WARN_UNREACHABLE_CODE = YES;
				CLANG_WARN__DUPLICATE_METHOD_MATCH = YES;
				"CODE_SIGN_IDENTITY[sdk=iphoneos*]" = "iPhone Developer";
				COPY_PHASE_STRIP = NO;
				DEBUG_INFORMATION_FORMAT = dwarf;
				ENABLE_STRICT_OBJC_MSGSEND = YES;
				ENABLE_TESTABILITY = YES;
				GCC_C_LANGUAGE_STANDARD = gnu99;
				GCC_DYNAMIC_NO_PIC = NO;
				GCC_NO_COMMON_BLOCKS = YES;
				GCC_OPTIMIZATION_LEVEL = 0;
				GCC_PREPROCESSOR_DEFINITIONS = (
					"DEBUG=1",
					"$(inherited)",
				);
				GCC_WARN_64_TO_32_BIT_CONVERSION = YES;
				GCC_WARN_ABOUT_RETURN_TYPE = YES_ERROR;
				GCC_WARN_UNDECLARED_SELECTOR = YES;
				GCC_WARN_UNINITIALIZED_AUTOS = YES_AGGRESSIVE;
				GCC_WARN_UNUSED_FUNCTION = YES;
				GCC_WARN_UNUSED_VARIABLE = YES;
				IPHONEOS_DEPLOYMENT_TARGET = 9.1;
				MTL_ENABLE_DEBUG_INFO = YES;
				ONLY_ACTIVE_ARCH = YES;
				SDKROOT = iphoneos;
				SWIFT_OPTIMIZATION_LEVEL = "-Onone";
			};
			name = Debug;
		};
		656283E81C2A929300E1D3B8 /* Release */ = {
			isa = XCBuildConfiguration;
			buildSettings = {
				ALWAYS_SEARCH_USER_PATHS = NO;
				CLANG_CXX_LANGUAGE_STANDARD = "gnu++0x";
				CLANG_CXX_LIBRARY = "libc++";
				CLANG_ENABLE_MODULES = YES;
				CLANG_ENABLE_OBJC_ARC = YES;
				CLANG_WARN_BOOL_CONVERSION = YES;
				CLANG_WARN_CONSTANT_CONVERSION = YES;
				CLANG_WARN_DIRECT_OBJC_ISA_USAGE = YES_ERROR;
				CLANG_WARN_EMPTY_BODY = YES;
				CLANG_WARN_ENUM_CONVERSION = YES;
				CLANG_WARN_INT_CONVERSION = YES;
				CLANG_WARN_OBJC_ROOT_CLASS = YES_ERROR;
				CLANG_WARN_UNREACHABLE_CODE = YES;
				CLANG_WARN__DUPLICATE_METHOD_MATCH = YES;
				"CODE_SIGN_IDENTITY[sdk=iphoneos*]" = "iPhone Developer";
				COPY_PHASE_STRIP = NO;
				DEBUG_INFORMATION_FORMAT = "dwarf-with-dsym";
				ENABLE_NS_ASSERTIONS = NO;
				ENABLE_STRICT_OBJC_MSGSEND = YES;
				GCC_C_LANGUAGE_STANDARD = gnu99;
				GCC_NO_COMMON_BLOCKS = YES;
				GCC_WARN_64_TO_32_BIT_CONVERSION = YES;
				GCC_WARN_ABOUT_RETURN_TYPE = YES_ERROR;
				GCC_WARN_UNDECLARED_SELECTOR = YES;
				GCC_WARN_UNINITIALIZED_AUTOS = YES_AGGRESSIVE;
				GCC_WARN_UNUSED_FUNCTION = YES;
				GCC_WARN_UNUSED_VARIABLE = YES;
				IPHONEOS_DEPLOYMENT_TARGET = 9.1;
				MTL_ENABLE_DEBUG_INFO = NO;
				SDKROOT = iphoneos;
				VALIDATE_PRODUCT = YES;
			};
			name = Release;
		};
		656283EA1C2A929300E1D3B8 /* Debug */ = {
			isa = XCBuildConfiguration;
			buildSettings = {
				ASSETCATALOG_COMPILER_APPICON_NAME = AppIcon;
				CODE_SIGN_IDENTITY = "iPhone Developer";
				"CODE_SIGN_IDENTITY[sdk=iphoneos*]" = "iPhone Developer";
				INFOPLIST_FILE = "Energy Value/Info.plist";
				LD_RUNPATH_SEARCH_PATHS = "$(inherited) @executable_path/Frameworks";
				PRODUCT_BUNDLE_IDENTIFIER = "io.github.yukisako.Decimal-Change";
				PRODUCT_NAME = "Energy value.temp_caseinsensitive_rename";
				PROVISIONING_PROFILE = "";
			};
			name = Debug;
		};
		656283EB1C2A929300E1D3B8 /* Release */ = {
			isa = XCBuildConfiguration;
			buildSettings = {
				ASSETCATALOG_COMPILER_APPICON_NAME = AppIcon;
				CODE_SIGN_IDENTITY = "iPhone Developer";
				"CODE_SIGN_IDENTITY[sdk=iphoneos*]" = "iPhone Developer";
				INFOPLIST_FILE = "Energy Value/Info.plist";
				LD_RUNPATH_SEARCH_PATHS = "$(inherited) @executable_path/Frameworks";
				PRODUCT_BUNDLE_IDENTIFIER = "io.github.yukisako.Decimal-Change";
				PRODUCT_NAME = "Energy value.temp_caseinsensitive_rename";
				PROVISIONING_PROFILE = "";
			};
			name = Release;
		};
/* End XCBuildConfiguration section */

/* Begin XCConfigurationList section */
		656283D21C2A929200E1D3B8 /* Build configuration list for PBXProject "Energy value" */ = {
			isa = XCConfigurationList;
			buildConfigurations = (
				656283E71C2A929300E1D3B8 /* Debug */,
				656283E81C2A929300E1D3B8 /* Release */,
			);
			defaultConfigurationIsVisible = 0;
			defaultConfigurationName = Release;
		};
		656283E91C2A929300E1D3B8 /* Build configuration list for PBXNativeTarget "Energy value" */ = {
			isa = XCConfigurationList;
			buildConfigurations = (
				656283EA1C2A929300E1D3B8 /* Debug */,
				656283EB1C2A929300E1D3B8 /* Release */,
			);
			defaultConfigurationIsVisible = 0;
			defaultConfigurationName = Release;
		};
/* End XCConfigurationList section */
	};
	rootObject = 656283CF1C2A929200E1D3B8 /* Project object */;
}
